
Microsoft Visual Studio Solution File, Format Version 12.00
# Visual Studio Version 16
VisualStudioVersion = 16.0.30907.101
MinimumVisualStudioVersion = 10.0.40219.1
Project("{FAE04EC0-301F-11D3-BF4B-00C04F79EFBC}") = "SimpleSumCalculator", "SimpleSumCalculator.csproj", "{A159F930-8C83-4B59-AAE0-332C7D1EEFED}"
EndProject
Project("{9A19103F-16F7-4668-BE54-9A1E7A4F7556}") = "arithmeticlibrary", "..\arithmeticlibrary\arithmeticlibrary.csproj", "{AA53DB03-72D1-4878-A4E5-4952AB7EE2EC}"
EndProject
Global
	GlobalSection(SolutionConfigurationPlatforms) = preSolution
		Debug|Any CPU = Debug|Any CPU
		Release|Any CPU = Release|Any CPU
	EndGlobalSection
	GlobalSection(ProjectConfigurationPlatforms) = postSolution
		{A159F930-8C83-4B59-AAE0-332C7D1EEFED}.Debug|Any CPU.ActiveCfg = Debug|Any CPU
		{A159F930-8C83-4B59-AAE0-332C7D1EEFED}.Debug|Any CPU.Build.0 = Debug|Any CPU
		{A159F930-8C83-4B59-AAE0-332C7D1EEFED}.Release|Any CPU.ActiveCfg = Release|Any CPU
		{A159F930-8C83-4B59-AAE0-332C7D1EEFED}.Release|Any CPU.Build.0 = Release|Any CPU
		{AA53DB03-72D1-4878-A4E5-4952AB7EE2EC}.Debug|Any CPU.ActiveCfg = Debug|Any CPU
		{AA53DB03-72D1-4878-A4E5-4952AB7EE2EC}.Debug|Any CPU.Build.0 = Debug|Any CPU
		{AA53DB03-72D1-4878-A4E5-4952AB7EE2EC}.Release|Any CPU.ActiveCfg = Release|Any CPU
		{AA53DB03-72D1-4878-A4E5-4952AB7EE2EC}.Release|Any CPU.Build.0 = Release|Any CPU
	EndGlobalSection
	GlobalSection(SolutionProperties) = preSolution
		HideSolutionNode = FALSE
	EndGlobalSection
	GlobalSection(ExtensibilityGlobals) = postSolution
		SolutionGuid = {DA430998-8061-43E1-AF1A-6AFE43076DBD}
	EndGlobalSection
EndGlobal
